
Microsoft Visual Studio Solution File, Format Version 12.00
# Visual Studio Version 17
VisualStudioVersion = 17.0.31919.166
MinimumVisualStudioVersion = 10.0.40219.1
Project("{FAE04EC0-301F-11D3-BF4B-00C04F79EFBC}") = "bowling new", "bowling new\bowling new.csproj", "{EA36F785-8408-4619-9BD4-4293895F2A9F}"
EndProject
Global
	GlobalSection(SolutionConfigurationPlatforms) = preSolution
		Debug|Any CPU = Debug|Any CPU
		Release|Any CPU = Release|Any CPU
	EndGlobalSection
	GlobalSection(ProjectConfigurationPlatforms) = postSolution
		{EA36F785-8408-4619-9BD4-4293895F2A9F}.Debug|Any CPU.ActiveCfg = Debug|Any CPU
		{EA36F785-8408-4619-9BD4-4293895F2A9F}.Debug|Any CPU.Build.0 = Debug|Any CPU
		{EA36F785-8408-4619-9BD4-4293895F2A9F}.Release|Any CPU.ActiveCfg = Release|Any CPU
		{EA36F785-8408-4619-9BD4-4293895F2A9F}.Release|Any CPU.Build.0 = Release|Any CPU
	EndGlobalSection
	GlobalSection(SolutionProperties) = preSolution
		HideSolutionNode = FALSE
	EndGlobalSection
	GlobalSection(ExtensibilityGlobals) = postSolution
		SolutionGuid = {6E7DD160-C870-4CEA-8BEF-B5E7F7BF6089}
	EndGlobalSection
EndGlobal
